
Microsoft Visual Studio Solution File, Format Version 12.00
# Visual Studio Version 16
VisualStudioVersion = 16.0.30523.141
MinimumVisualStudioVersion = 10.0.40219.1
Project("{FAE04EC0-301F-11D3-BF4B-00C04F79EFBC}") = "LoginUI.Android", "LoginUI\LoginUI.Android\LoginUI.Android.csproj", "{F1B25117-0061-4AFB-91B7-7D68274FBD4B}"
EndProject
Project("{FAE04EC0-301F-11D3-BF4B-00C04F79EFBC}") = "LoginUI.iOS", "LoginUI\LoginUI.iOS\LoginUI.iOS.csproj", "{7AFA8691-6C41-4BDF-B16E-B7E383FF7B90}"
EndProject
Project("{FAE04EC0-301F-11D3-BF4B-00C04F79EFBC}") = "LoginUI", "LoginUI\LoginUI\LoginUI.csproj", "{A387C6B4-BF61-4950-BBD5-198F30AC4F12}"
EndProject
Global
	GlobalSection(SolutionConfigurationPlatforms) = preSolution
		Debug|Any CPU = Debug|Any CPU
		Debug|iPhone = Debug|iPhone
		Debug|iPhoneSimulator = Debug|iPhoneSimulator
		Release|Any CPU = Release|Any CPU
		Release|iPhone = Release|iPhone
		Release|iPhoneSimulator = Release|iPhoneSimulator
	EndGlobalSection
	GlobalSection(ProjectConfigurationPlatforms) = postSolution
		{F1B25117-0061-4AFB-91B7-7D68274FBD4B}.Debug|Any CPU.ActiveCfg = Debug|Any CPU
		{F1B25117-0061-4AFB-91B7-7D68274FBD4B}.Debug|Any CPU.Build.0 = Debug|Any CPU
		{F1B25117-0061-4AFB-91B7-7D68274FBD4B}.Debug|Any CPU.Deploy.0 = Debug|Any CPU
		{F1B25117-0061-4AFB-91B7-7D68274FBD4B}.Debug|iPhone.ActiveCfg = Debug|Any CPU
		{F1B25117-0061-4AFB-91B7-7D68274FBD4B}.Debug|iPhone.Build.0 = Debug|Any CPU
		{F1B25117-0061-4AFB-91B7-7D68274FBD4B}.Debug|iPhone.Deploy.0 = Debug|Any CPU
		{F1B25117-0061-4AFB-91B7-7D68274FBD4B}.Debug|iPhoneSimulator.ActiveCfg = Debug|Any CPU
		{F1B25117-0061-4AFB-91B7-7D68274FBD4B}.Debug|iPhoneSimulator.Build.0 = Debug|Any CPU
		{F1B25117-0061-4AFB-91B7-7D68274FBD4B}.Debug|iPhoneSimulator.Deploy.0 = Debug|Any CPU
		{F1B25117-0061-4AFB-91B7-7D68274FBD4B}.Release|Any CPU.ActiveCfg = Release|Any CPU
		{F1B25117-0061-4AFB-91B7-7D68274FBD4B}.Release|Any CPU.Build.0 = Release|Any CPU
		{F1B25117-0061-4AFB-91B7-7D68274FBD4B}.Release|Any CPU.Deploy.0 = Release|Any CPU
		{F1B25117-0061-4AFB-91B7-7D68274FBD4B}.Release|iPhone.ActiveCfg = Release|Any CPU
		{F1B25117-0061-4AFB-91B7-7D68274FBD4B}.Release|iPhone.Build.0 = Release|Any CPU
		{F1B25117-0061-4AFB-91B7-7D68274FBD4B}.Release|iPhone.Deploy.0 = Release|Any CPU
		{F1B25117-0061-4AFB-91B7-7D68274FBD4B}.Release|iPhoneSimulator.ActiveCfg = Release|Any CPU
		{F1B25117-0061-4AFB-91B7-7D68274FBD4B}.Release|iPhoneSimulator.Build.0 = Release|Any CPU
		{F1B25117-0061-4AFB-91B7-7D68274FBD4B}.Release|iPhoneSimulator.Deploy.0 = Release|Any CPU
		{7AFA8691-6C41-4BDF-B16E-B7E383FF7B90}.Debug|Any CPU.ActiveCfg = Debug|iPhone
		{7AFA8691-6C41-4BDF-B16E-B7E383FF7B90}.Debug|Any CPU.Build.0 = Debug|iPhone
		{7AFA8691-6C41-4BDF-B16E-B7E383FF7B90}.Debug|Any CPU.Deploy.0 = Debug|iPhone
		{7AFA8691-6C41-4BDF-B16E-B7E383FF7B90}.Debug|iPhone.ActiveCfg = Debug|iPhone
		{7AFA8691-6C41-4BDF-B16E-B7E383FF7B90}.Debug|iPhone.Build.0 = Debug|iPhone
		{7AFA8691-6C41-4BDF-B16E-B7E383FF7B90}.Debug|iPhone.Deploy.0 = Debug|iPhone
		{7AFA8691-6C41-4BDF-B16E-B7E383FF7B90}.Debug|iPhoneSimulator.ActiveCfg = Debug|iPhoneSimulator
		{7AFA8691-6C41-4BDF-B16E-B7E383FF7B90}.Debug|iPhoneSimulator.Build.0 = Debug|iPhoneSimulator
		{7AFA8691-6C41-4BDF-B16E-B7E383FF7B90}.Debug|iPhoneSimulator.Deploy.0 = Debug|iPhoneSimulator
		{7AFA8691-6C41-4BDF-B16E-B7E383FF7B90}.Release|Any CPU.ActiveCfg = Release|iPhoneSimulator
		{7AFA8691-6C41-4BDF-B16E-B7E383FF7B90}.Release|Any CPU.Build.0 = Release|iPhoneSimulator
		{7AFA8691-6C41-4BDF-B16E-B7E383FF7B90}.Release|Any CPU.Deploy.0 = Release|iPhoneSimulator
		{7AFA8691-6C41-4BDF-B16E-B7E383FF7B90}.Release|iPhone.ActiveCfg = Release|iPhone
		{7AFA8691-6C41-4BDF-B16E-B7E383FF7B90}.Release|iPhone.Build.0 = Release|iPhone
		{7AFA8691-6C41-4BDF-B16E-B7E383FF7B90}.Release|iPhone.Deploy.0 = Release|iPhone
		{7AFA8691-6C41-4BDF-B16E-B7E383FF7B90}.Release|iPhoneSimulator.ActiveCfg = Release|iPhoneSimulator
		{7AFA8691-6C41-4BDF-B16E-B7E383FF7B90}.Release|iPhoneSimulator.Build.0 = Release|iPhoneSimulator
		{7AFA8691-6C41-4BDF-B16E-B7E383FF7B90}.Release|iPhoneSimulator.Deploy.0 = Release|iPhoneSimulator
		{A387C6B4-BF61-4950-BBD5-198F30AC4F12}.Debug|Any CPU.ActiveCfg = Debug|Any CPU
		{A387C6B4-BF61-4950-BBD5-198F30AC4F12}.Debug|Any CPU.Build.0 = Debug|Any CPU
		{A387C6B4-BF61-4950-BBD5-198F30AC4F12}.Debug|Any CPU.Deploy.0 = Debug|Any CPU
		{A387C6B4-BF61-4950-BBD5-198F30AC4F12}.Debug|iPhone.ActiveCfg = Debug|Any CPU
		{A387C6B4-BF61-4950-BBD5-198F30AC4F12}.Debug|iPhone.Build.0 = Debug|Any CPU
		{A387C6B4-BF61-4950-BBD5-198F30AC4F12}.Debug|iPhone.Deploy.0 = Debug|Any CPU
		{A387C6B4-BF61-4950-BBD5-198F30AC4F12}.Debug|iPhoneSimulator.ActiveCfg = Debug|Any CPU
		{A387C6B4-BF61-4950-BBD5-198F30AC4F12}.Debug|iPhoneSimulator.Build.0 = Debug|Any CPU
		{A387C6B4-BF61-4950-BBD5-198F30AC4F12}.Debug|iPhoneSimulator.Deploy.0 = Debug|Any CPU
		{A387C6B4-BF61-4950-BBD5-198F30AC4F12}.Release|Any CPU.ActiveCfg = Release|Any CPU
		{A387C6B4-BF61-4950-BBD5-198F30AC4F12}.Release|Any CPU.Build.0 = Release|Any CPU
		{A387C6B4-BF61-4950-BBD5-198F30AC4F12}.Release|Any CPU.Deploy.0 = Release|Any CPU
		{A387C6B4-BF61-4950-BBD5-198F30AC4F12}.Release|iPhone.ActiveCfg = Release|Any CPU
		{A387C6B4-BF61-4950-BBD5-198F30AC4F12}.Release|iPhone.Build.0 = Release|Any CPU
		{A387C6B4-BF61-4950-BBD5-198F30AC4F12}.Release|iPhone.Deploy.0 = Release|Any CPU
		{A387C6B4-BF61-4950-BBD5-198F30AC4F12}.Release|iPhoneSimulator.ActiveCfg = Release|Any CPU
		{A387C6B4-BF61-4950-BBD5-198F30AC4F12}.Release|iPhoneSimulator.Build.0 = Release|Any CPU
		{A387C6B4-BF61-4950-BBD5-198F30AC4F12}.Release|iPhoneSimulator.Deploy.0 = Release|Any CPU
	EndGlobalSection
	GlobalSection(SolutionProperties) = preSolution
		HideSolutionNode = FALSE
	EndGlobalSection
	GlobalSection(ExtensibilityGlobals) = postSolution
		SolutionGuid = {F1B7AE39-166D-4448-B296-3983F0DF422D}
	EndGlobalSection
EndGlobal
