Microsoft Visual Studio Solution File, Format Version 12.00
# Visual Studio Version 16
VisualStudioVersion = 16.0.30523.141
MinimumVisualStudioVersion = 10.0.40219.1
Project("{FAE04EC0-301F-11D3-BF4B-00C04F79EFBC}") = "LooseBrick.Android", "LooseBrick.Android\LooseBrick.Android.csproj", "{02BE2703-8310-4022-B19F-23EFEB887528}"
EndProject
Project("{FAE04EC0-301F-11D3-BF4B-00C04F79EFBC}") = "LooseBrick.iOS", "LooseBrick.iOS\LooseBrick.iOS.csproj", "{A46D62DD-7E05-4B2F-AE11-916C4DBD2FC1}"
EndProject
Project("{9A19103F-16F7-4668-BE54-9A1E7A4F7556}") = "LooseBrick", "LooseBrick\LooseBrick.csproj", "{6030F346-2773-4592-A946-6E71CF5FC201}"
EndProject
Global
	GlobalSection(SolutionConfigurationPlatforms) = preSolution
		Debug|Any CPU = Debug|Any CPU
		Debug|iPhone = Debug|iPhone
		Debug|iPhoneSimulator = Debug|iPhoneSimulator
		Release|Any CPU = Release|Any CPU
		Release|iPhone = Release|iPhone
		Release|iPhoneSimulator = Release|iPhoneSimulator
	EndGlobalSection
	GlobalSection(ProjectConfigurationPlatforms) = postSolution
		{02BE2703-8310-4022-B19F-23EFEB887528}.Debug|Any CPU.ActiveCfg = Debug|Any CPU
		{02BE2703-8310-4022-B19F-23EFEB887528}.Debug|Any CPU.Build.0 = Debug|Any CPU
		{02BE2703-8310-4022-B19F-23EFEB887528}.Debug|Any CPU.Deploy.0 = Debug|Any CPU
		{02BE2703-8310-4022-B19F-23EFEB887528}.Debug|iPhone.ActiveCfg = Debug|Any CPU
		{02BE2703-8310-4022-B19F-23EFEB887528}.Debug|iPhone.Build.0 = Debug|Any CPU
		{02BE2703-8310-4022-B19F-23EFEB887528}.Debug|iPhoneSimulator.ActiveCfg = Debug|Any CPU
		{02BE2703-8310-4022-B19F-23EFEB887528}.Debug|iPhoneSimulator.Build.0 = Debug|Any CPU
		{02BE2703-8310-4022-B19F-23EFEB887528}.Release|Any CPU.ActiveCfg = Release|Any CPU
		{02BE2703-8310-4022-B19F-23EFEB887528}.Release|Any CPU.Build.0 = Release|Any CPU
		{02BE2703-8310-4022-B19F-23EFEB887528}.Release|iPhone.ActiveCfg = Release|Any CPU
		{02BE2703-8310-4022-B19F-23EFEB887528}.Release|iPhone.Build.0 = Release|Any CPU
		{02BE2703-8310-4022-B19F-23EFEB887528}.Release|iPhoneSimulator.ActiveCfg = Release|Any CPU
		{02BE2703-8310-4022-B19F-23EFEB887528}.Release|iPhoneSimulator.Build.0 = Release|Any CPU
		{A46D62DD-7E05-4B2F-AE11-916C4DBD2FC1}.Debug|Any CPU.ActiveCfg = Debug|iPhoneSimulator
		{A46D62DD-7E05-4B2F-AE11-916C4DBD2FC1}.Debug|Any CPU.Build.0 = Debug|iPhoneSimulator
		{A46D62DD-7E05-4B2F-AE11-916C4DBD2FC1}.Debug|iPhone.ActiveCfg = Debug|iPhone
		{A46D62DD-7E05-4B2F-AE11-916C4DBD2FC1}.Debug|iPhone.Build.0 = Debug|iPhone
		{A46D62DD-7E05-4B2F-AE11-916C4DBD2FC1}.Debug|iPhoneSimulator.ActiveCfg = Debug|iPhoneSimulator
		{A46D62DD-7E05-4B2F-AE11-916C4DBD2FC1}.Debug|iPhoneSimulator.Build.0 = Debug|iPhoneSimulator
		{A46D62DD-7E05-4B2F-AE11-916C4DBD2FC1}.Release|Any CPU.ActiveCfg = Release|iPhoneSimulator
		{A46D62DD-7E05-4B2F-AE11-916C4DBD2FC1}.Release|Any CPU.Build.0 = Release|iPhoneSimulator
		{A46D62DD-7E05-4B2F-AE11-916C4DBD2FC1}.Release|iPhone.ActiveCfg = Release|iPhone
		{A46D62DD-7E05-4B2F-AE11-916C4DBD2FC1}.Release|iPhone.Build.0 = Release|iPhone
		{A46D62DD-7E05-4B2F-AE11-916C4DBD2FC1}.Release|iPhoneSimulator.ActiveCfg = Release|iPhoneSimulator
		{A46D62DD-7E05-4B2F-AE11-916C4DBD2FC1}.Release|iPhoneSimulator.Build.0 = Release|iPhoneSimulator
		{6030F346-2773-4592-A946-6E71CF5FC201}.Debug|Any CPU.ActiveCfg = Debug|Any CPU
		{6030F346-2773-4592-A946-6E71CF5FC201}.Debug|Any CPU.Build.0 = Debug|Any CPU
		{6030F346-2773-4592-A946-6E71CF5FC201}.Debug|iPhone.ActiveCfg = Debug|Any CPU
		{6030F346-2773-4592-A946-6E71CF5FC201}.Debug|iPhone.Build.0 = Debug|Any CPU
		{6030F346-2773-4592-A946-6E71CF5FC201}.Debug|iPhoneSimulator.ActiveCfg = Debug|Any CPU
		{6030F346-2773-4592-A946-6E71CF5FC201}.Debug|iPhoneSimulator.Build.0 = Debug|Any CPU
		{6030F346-2773-4592-A946-6E71CF5FC201}.Release|Any CPU.ActiveCfg = Release|Any CPU
		{6030F346-2773-4592-A946-6E71CF5FC201}.Release|Any CPU.Build.0 = Release|Any CPU
		{6030F346-2773-4592-A946-6E71CF5FC201}.Release|iPhone.ActiveCfg = Release|Any CPU
		{6030F346-2773-4592-A946-6E71CF5FC201}.Release|iPhone.Build.0 = Release|Any CPU
		{6030F346-2773-4592-A946-6E71CF5FC201}.Release|iPhoneSimulator.ActiveCfg = Release|Any CPU
		{6030F346-2773-4592-A946-6E71CF5FC201}.Release|iPhoneSimulator.Build.0 = Release|Any CPU
	EndGlobalSection
	GlobalSection(SolutionProperties) = preSolution
		HideSolutionNode = FALSE
	EndGlobalSection
	GlobalSection(ExtensibilityGlobals) = postSolution
		SolutionGuid = {061DC06C-894F-4856-B5C9-0322E575D1AD}
	EndGlobalSection
EndGlobal
